
Microsoft Visual Studio Solution File, Format Version 12.00
# Visual Studio Version 17
VisualStudioVersion = 17.14.36414.22
MinimumVisualStudioVersion = 10.0.40219.1
Project("{8BC9CEB8-8B4A-11D0-8D11-00A0C91BC942}") = "test", "test\test.vcxproj", "{2AEC16CC-6D71-401F-AD86-D0DAFEBD621D}"
EndProject
Project("{8BC9CEB8-8B4A-11D0-8D11-00A0C91BC942}") = "Myfirst", "Myfirst\Myfirst.vcxproj", "{DE8D174D-197B-47E4-810D-40F338B86A57}"
EndProject
Global
	GlobalSection(SolutionConfigurationPlatforms) = preSolution
		Debug|x64 = Debug|x64
		Debug|x86 = Debug|x86
		Release|x64 = Release|x64
		Release|x86 = Release|x86
	EndGlobalSection
	GlobalSection(ProjectConfigurationPlatforms) = postSolution
		{2AEC16CC-6D71-401F-AD86-D0DAFEBD621D}.Debug|x64.ActiveCfg = Debug|x64
		{2AEC16CC-6D71-401F-AD86-D0DAFEBD621D}.Debug|x64.Build.0 = Debug|x64
		{2AEC16CC-6D71-401F-AD86-D0DAFEBD621D}.Debug|x86.ActiveCfg = Debug|Win32
		{2AEC16CC-6D71-401F-AD86-D0DAFEBD621D}.Debug|x86.Build.0 = Debug|Win32
		{2AEC16CC-6D71-401F-AD86-D0DAFEBD621D}.Release|x64.ActiveCfg = Release|x64
		{2AEC16CC-6D71-401F-AD86-D0DAFEBD621D}.Release|x64.Build.0 = Release|x64
		{2AEC16CC-6D71-401F-AD86-D0DAFEBD621D}.Release|x86.ActiveCfg = Release|Win32
		{2AEC16CC-6D71-401F-AD86-D0DAFEBD621D}.Release|x86.Build.0 = Release|Win32
		{DE8D174D-197B-47E4-810D-40F338B86A57}.Debug|x64.ActiveCfg = Debug|x64
		{DE8D174D-197B-47E4-810D-40F338B86A57}.Debug|x64.Build.0 = Debug|x64
		{DE8D174D-197B-47E4-810D-40F338B86A57}.Debug|x86.ActiveCfg = Debug|Win32
		{DE8D174D-197B-47E4-810D-40F338B86A57}.Debug|x86.Build.0 = Debug|Win32
		{DE8D174D-197B-47E4-810D-40F338B86A57}.Release|x64.ActiveCfg = Release|x64
		{DE8D174D-197B-47E4-810D-40F338B86A57}.Release|x64.Build.0 = Release|x64
		{DE8D174D-197B-47E4-810D-40F338B86A57}.Release|x86.ActiveCfg = Release|Win32
		{DE8D174D-197B-47E4-810D-40F338B86A57}.Release|x86.Build.0 = Release|Win32
	EndGlobalSection
	GlobalSection(SolutionProperties) = preSolution
		HideSolutionNode = FALSE
	EndGlobalSection
	GlobalSection(ExtensibilityGlobals) = postSolution
		SolutionGuid = {16FD0082-17F7-4B2A-95FD-130DEEB3EFFE}
	EndGlobalSection
EndGlobal
